
Microsoft Visual Studio Solution File, Format Version 12.00
# Visual Studio Version 16
VisualStudioVersion = 16.0.30204.135
MinimumVisualStudioVersion = 10.0.40219.1
Project("{FAE04EC0-301F-11D3-BF4B-00C04F79EFBC}") = "SigV4", "SigV4.csproj", "{C98469C2-4CC1-481E-B368-2C6B0B7AB536}"
EndProject
Global
	GlobalSection(SolutionConfigurationPlatforms) = preSolution
		Debug|Any CPU = Debug|Any CPU
		Release|Any CPU = Release|Any CPU
	EndGlobalSection
	GlobalSection(ProjectConfigurationPlatforms) = postSolution
		{C98469C2-4CC1-481E-B368-2C6B0B7AB536}.Debug|Any CPU.ActiveCfg = Debug|Any CPU
		{C98469C2-4CC1-481E-B368-2C6B0B7AB536}.Debug|Any CPU.Build.0 = Debug|Any CPU
		{C98469C2-4CC1-481E-B368-2C6B0B7AB536}.Release|Any CPU.ActiveCfg = Release|Any CPU
		{C98469C2-4CC1-481E-B368-2C6B0B7AB536}.Release|Any CPU.Build.0 = Release|Any CPU
	EndGlobalSection
	GlobalSection(SolutionProperties) = preSolution
		HideSolutionNode = FALSE
	EndGlobalSection
	GlobalSection(ExtensibilityGlobals) = postSolution
		SolutionGuid = {0675BFEA-B0F0-434A-BDE2-CDE42664F6CE}
	EndGlobalSection
EndGlobal
